version = 1
revision = 1
requires-python = ">=3.13"

[[package]]
name = "igraph"
version = "0.11.8"
source = { registry = "https://pypi.org/simple" }
dependencies = [
    { name = "texttable" },
]
sdist = { url = "https://files.pythonhosted.org/packages/b8/8e/8810c9ccdef97c614423ca82fca693608db9546a1a9716671035e3630499/igraph-0.11.8.tar.gz", hash = "sha256:d7dc1404567ba3b0ea1bf8b5fa6e101617915c8ad11ea5a9f925a40bf4adad7d", size = 4568774 }
wheels = [
    { url = "https://files.pythonhosted.org/packages/24/f4/0c39bd163de47bf2e293813a9b4ae61e34575142dde2b744151c872f9da9/igraph-0.11.8-cp39-abi3-macosx_10_9_x86_64.whl", hash = "sha256:92c47ceb9f4c95ff7461cd94eaec55e901dbc59f6e51f4244d2dd064f31c5491", size = 1948579 },
    { url = "https://files.pythonhosted.org/packages/dd/7e/8ee4e8f03b03feca33bb9dcc730724353ac36cbe7da7b38397f8ae5cd58b/igraph-0.11.8-cp39-abi3-macosx_11_0_arm64.whl", hash = "sha256:3a2afdb046b602fea71ca18aff6c72165de5002ec38d0dcf1275e34ecd0d9d02", size = 1753346 },
    { url = "https://files.pythonhosted.org/packages/ea/7d/9d23c0936070f5beb99559c1064c9057374dfa435c7e3b13504d5a2c839e/igraph-0.11.8-cp39-abi3-manylinux_2_17_aarch64.manylinux2014_aarch64.whl", hash = "sha256:7870fb72fd9e9218940262671fb79baf281ef066aa1cd35adc092ce9ad39a038", size = 2984081 },
    { url = "https://files.pythonhosted.org/packages/88/b0/210f242123b14d3ff4b36f97410f928e9bf446414c066dc8d3b8c9cad2ab/igraph-0.11.8-cp39-abi3-manylinux_2_17_i686.manylinux2014_i686.whl", hash = "sha256:c8108138ad605714761bc6d526feab54074904a99c47dcaabc269ed7b45e7650", size = 3060225 },
    { url = "https://files.pythonhosted.org/packages/90/61/ec7edb5233ec2dc3d2129d94211801fb46a1c2b9beec40989707c82271f7/igraph-0.11.8-cp39-abi3-manylinux_2_17_x86_64.manylinux2014_x86_64.whl", hash = "sha256:e2e3abe641622cd9c95eb152c97caa22e68257a524cc1851a099b066f8f5c5f3", size = 3142403 },
    { url = "https://files.pythonhosted.org/packages/6b/89/09f1d251c48f239238cf75714e8cee8fcaacb3513620e0f59dbf1ef0c51d/igraph-0.11.8-cp39-abi3-musllinux_1_2_aarch64.whl", hash = "sha256:b546eaa9461473a65bb56a51672c6aeb898b737d5e86c3efa1b1bf520ee4b031", size = 3893169 },
    { url = "https://files.pythonhosted.org/packages/e2/90/3e913fd9698fb91f002fc7a96b2c81bdd77bb8f60f7cb3ec922b6e218666/igraph-0.11.8-cp39-abi3-musllinux_1_2_i686.whl", hash = "sha256:178ef859135ac5075a7159e6826a546b7340cf45a01a928c2a0c24c32e3dfa63", size = 4168476 },
    { url = "https://files.pythonhosted.org/packages/4f/76/35ae678a78bd1d221af92f3ab98bedbce24968d9d096a2ddfde8580fbe5b/igraph-0.11.8-cp39-abi3-musllinux_1_2_x86_64.whl", hash = "sha256:a68ae7b6324e9c4cb1d04ce75b6e0f67974433fc7667895f1e25bf4f4c6fd530", size = 4056329 },
    { url = "https://files.pythonhosted.org/packages/b5/f5/8c79fd8cdb3708cb404a31538c11eec4283e72dfc8cb47307966f0a3af74/igraph-0.11.8-cp39-abi3-win32.whl", hash = "sha256:cc93d2f97f93bf30c2027c31e9e1aa088a3c60cdfeb6b33e0259e4b40b4c5597", size = 1597440 },
    { url = "https://files.pythonhosted.org/packages/b0/17/621d3a59430851a327421fdbec9ec8494d7fadaffc6dfdd42d4a95accbf2/igraph-0.11.8-cp39-abi3-win_amd64.whl", hash = "sha256:248831a6162130f16909c1f776cc246b48f692339ea4baca489cad4ed8dc0e13", size = 1976778 },
]

[[package]]
name = "ik-optimization"
version = "0.1.0"
source = { virtual = "." }
dependencies = [
    { name = "igraph" },
    { name = "pycairo" },
]

[package.metadata]
requires-dist = [
    { name = "igraph", specifier = ">=0.11.8" },
    { name = "pycairo", specifier = ">=1.28.0" },
]

[[package]]
name = "pycairo"
version = "1.28.0"
source = { registry = "https://pypi.org/simple" }
sdist = { url = "https://files.pythonhosted.org/packages/40/d9/412da520de9052b7e80bfc810ec10f5cb3dbfa4aa3e23c2820dc61cdb3d0/pycairo-1.28.0.tar.gz", hash = "sha256:26ec5c6126781eb167089a123919f87baa2740da2cca9098be8b3a6b91cc5fbc", size = 662477 }
wheels = [
    { url = "https://files.pythonhosted.org/packages/59/a7/c3e5ed55781dfe1b31eb4a2482aeae707671f3d36b0ea53a1722f4a3dfe9/pycairo-1.28.0-cp313-cp313-win32.whl", hash = "sha256:d13352429d8a08a1cb3607767d23d2fb32e4c4f9faa642155383980ec1478c24", size = 750594 },
    { url = "https://files.pythonhosted.org/packages/8b/1c/ebadd290748aff3b6bc35431114d41e7a42f40a4b988c2aaf2dfed5d8156/pycairo-1.28.0-cp313-cp313-win_amd64.whl", hash = "sha256:082aef6b3a9dcc328fa648d38ed6b0a31c863e903ead57dd184b2e5f86790140", size = 841774 },
    { url = "https://files.pythonhosted.org/packages/3e/ce/a3f5f1946613cd8a4654322b878c59f273c6e9b01dfadadd3f609070e0b9/pycairo-1.28.0-cp313-cp313-win_arm64.whl", hash = "sha256:026afd53b75291917a7412d9fe46dcfbaa0c028febd46ff1132d44a53ac2c8b6", size = 691675 },
]

[[package]]
name = "texttable"
version = "1.7.0"
source = { registry = "https://pypi.org/simple" }
sdist = { url = "https://files.pythonhosted.org/packages/1c/dc/0aff23d6036a4d3bf4f1d8c8204c5c79c4437e25e0ae94ffe4bbb55ee3c2/texttable-1.7.0.tar.gz", hash = "sha256:2d2068fb55115807d3ac77a4ca68fa48803e84ebb0ee2340f858107a36522638", size = 12831 }
wheels = [
    { url = "https://files.pythonhosted.org/packages/24/99/4772b8e00a136f3e01236de33b0efda31ee7077203ba5967fcc76da94d65/texttable-1.7.0-py2.py3-none-any.whl", hash = "sha256:72227d592c82b3d7f672731ae73e4d1f88cd8e2ef5b075a7a7f01a23a3743917", size = 10768 },
]
